
Microsoft Visual Studio Solution File, Format Version 12.00
# Visual Studio Version 17
VisualStudioVersion = 17.7.34221.43
MinimumVisualStudioVersion = 10.0.40219.1
Project("{9A19103F-16F7-4668-BE54-9A1E7A4F7556}") = "TwoFactorService", "TwoFactorService.csproj", "{460147DF-B3DC-4F07-8EC6-B96D32C1E4C0}"
EndProject
Global
	GlobalSection(SolutionConfigurationPlatforms) = preSolution
		Debug|Any CPU = Debug|Any CPU
		Release|Any CPU = Release|Any CPU
	EndGlobalSection
	GlobalSection(ProjectConfigurationPlatforms) = postSolution
		{460147DF-B3DC-4F07-8EC6-B96D32C1E4C0}.Debug|Any CPU.ActiveCfg = Debug|Any CPU
		{460147DF-B3DC-4F07-8EC6-B96D32C1E4C0}.Debug|Any CPU.Build.0 = Debug|Any CPU
		{460147DF-B3DC-4F07-8EC6-B96D32C1E4C0}.Release|Any CPU.ActiveCfg = Release|Any CPU
		{460147DF-B3DC-4F07-8EC6-B96D32C1E4C0}.Release|Any CPU.Build.0 = Release|Any CPU
	EndGlobalSection
	GlobalSection(SolutionProperties) = preSolution
		HideSolutionNode = FALSE
	EndGlobalSection
	GlobalSection(ExtensibilityGlobals) = postSolution
		SolutionGuid = {17612F85-A0D5-47B2-9609-A389A4B0632E}
	EndGlobalSection
EndGlobal
